
Microsoft Visual Studio Solution File, Format Version 12.00
# Visual Studio Version 16
VisualStudioVersion = 16.0.31410.357
MinimumVisualStudioVersion = 10.0.40219.1
Project("{9A19103F-16F7-4668-BE54-9A1E7A4F7556}") = "SwitchColors", "SwitchColors\SwitchColors.csproj", "{BD594099-75A1-4376-BBD9-61239C5990CA}"
EndProject
Global
	GlobalSection(SolutionConfigurationPlatforms) = preSolution
		Debug|Any CPU = Debug|Any CPU
		Release|Any CPU = Release|Any CPU
	EndGlobalSection
	GlobalSection(ProjectConfigurationPlatforms) = postSolution
		{BD594099-75A1-4376-BBD9-61239C5990CA}.Debug|Any CPU.ActiveCfg = Debug|Any CPU
		{BD594099-75A1-4376-BBD9-61239C5990CA}.Debug|Any CPU.Build.0 = Debug|Any CPU
		{BD594099-75A1-4376-BBD9-61239C5990CA}.Release|Any CPU.ActiveCfg = Release|Any CPU
		{BD594099-75A1-4376-BBD9-61239C5990CA}.Release|Any CPU.Build.0 = Release|Any CPU
	EndGlobalSection
	GlobalSection(SolutionProperties) = preSolution
		HideSolutionNode = FALSE
	EndGlobalSection
	GlobalSection(ExtensibilityGlobals) = postSolution
		SolutionGuid = {060F02E4-D2C1-4A29-B10A-DFEBDE6F6833}
	EndGlobalSection
EndGlobal
